// !$*UTF8*$!
{
	archiveVersion = 1;
	classes = {
	};
	objectVersion = 50;
	objects = {

/* Begin PBXBuildFile section */
		59CF57DE227B78E000D0050F /* AppDelegate.swift in Sources */ = {isa = PBXBuildFile; fileRef = 59CF57DD227B78E000D0050F /* AppDelegate.swift */; };
		59CF57E0227B78E000D0050F /* ViewController.swift in Sources */ = {isa = PBXBuildFile; fileRef = 59CF57DF227B78E000D0050F /* ViewController.swift */; };
		59CF57E3227B78E000D0050F /* Main.storyboard in Resources */ = {isa = PBXBuildFile; fileRef = 59CF57E1227B78E000D0050F /* Main.storyboard */; };
		59CF57E5227B78E300D0050F /* Assets.xcassets in Resources */ = {isa = PBXBuildFile; fileRef = 59CF57E4227B78E300D0050F /* Assets.xcassets */; };
		59CF57E8227B78E300D0050F /* LaunchScreen.storyboard in Resources */ = {isa = PBXBuildFile; fileRef = 59CF57E6227B78E300D0050F /* LaunchScreen.storyboard */; };
		59CF57F3227B78E300D0050F /* csc690_TravelAppTests.swift in Sources */ = {isa = PBXBuildFile; fileRef = 59CF57F2227B78E300D0050F /* csc690_TravelAppTests.swift */; };
		59CF57FE227B78E300D0050F /* csc690_TravelAppUITests.swift in Sources */ = {isa = PBXBuildFile; fileRef = 59CF57FD227B78E300D0050F /* csc690_TravelAppUITests.swift */; };
/* End PBXBuildFile section */

/* Begin PBXContainerItemProxy section */
		59CF57EF227B78E300D0050F /* PBXContainerItemProxy */ = {
			isa = PBXContainerItemProxy;
			containerPortal = 59CF57D2227B78E000D0050F /* Project object */;
			proxyType = 1;
			remoteGlobalIDString = 59CF57D9227B78E000D0050F;
			remoteInfo = "csc690-TravelApp";
		};
		59CF57FA227B78E300D0050F /* PBXContainerItemProxy */ = {
			isa = PBXContainerItemProxy;
			containerPortal = 59CF57D2227B78E000D0050F /* Project object */;
			proxyType = 1;
			remoteGlobalIDString = 59CF57D9227B78E000D0050F;
			remoteInfo = "csc690-TravelApp";
		};
/* End PBXContainerItemProxy section */

/* Begin PBXFileReference section */
		59CF57DA227B78E000D0050F /* csc690-TravelApp.app */ = {isa = PBXFileReference; explicitFileType = wrapper.application; includeInIndex = 0; path = "csc690-TravelApp.app"; sourceTree = BUILT_PRODUCTS_DIR; };
		59CF57DD227B78E000D0050F /* AppDelegate.swift */ = {isa = PBXFileReference; lastKnownFileType = sourcecode.swift; path = AppDelegate.swift; sourceTree = "<group>"; };
		59CF57DF227B78E000D0050F /* ViewController.swift */ = {isa = PBXFileReference; lastKnownFileType = sourcecode.swift; path = ViewController.swift; sourceTree = "<group>"; };
		59CF57E2227B78E000D0050F /* Base */ = {isa = PBXFileReference; lastKnownFileType = file.storyboard; name = Base; path = Base.lproj/Main.storyboard; sourceTree = "<group>"; };
		59CF57E4227B78E300D0050F /* Assets.xcassets */ = {isa = PBXFileReference; lastKnownFileType = folder.assetcatalog; path = Assets.xcassets; sourceTree = "<group>"; };
		59CF57E7227B78E300D0050F /* Base */ = {isa = PBXFileReference; lastKnownFileType = file.storyboard; name = Base; path = Base.lproj/LaunchScreen.storyboard; sourceTree = "<group>"; };
		59CF57E9227B78E300D0050F /* Info.plist */ = {isa = PBXFileReference; lastKnownFileType = text.plist.xml; path = Info.plist; sourceTree = "<group>"; };
		59CF57EE227B78E300D0050F /* csc690-TravelAppTests.xctest */ = {isa = PBXFileReference; explicitFileType = wrapper.cfbundle; includeInIndex = 0; path = "csc690-TravelAppTests.xctest"; sourceTree = BUILT_PRODUCTS_DIR; };
		59CF57F2227B78E300D0050F /* csc690_TravelAppTests.swift */ = {isa = PBXFileReference; lastKnownFileType = sourcecode.swift; path = csc690_TravelAppTests.swift; sourceTree = "<group>"; };
		59CF57F4227B78E300D0050F /* Info.plist */ = {isa = PBXFileReference; lastKnownFileType = text.plist.xml; path = Info.plist; sourceTree = "<group>"; };
		59CF57F9227B78E300D0050F /* csc690-TravelAppUITests.xctest */ = {isa = PBXFileReference; explicitFileType = wrapper.cfbundle; includeInIndex = 0; path = "csc690-TravelAppUITests.xctest"; sourceTree = BUILT_PRODUCTS_DIR; };
		59CF57FD227B78E300D0050F /* csc690_TravelAppUITests.swift */ = {isa = PBXFileReference; lastKnownFileType = sourcecode.swift; path = csc690_TravelAppUITests.swift; sourceTree = "<group>"; };
		59CF57FF227B78E300D0050F /* Info.plist */ = {isa = PBXFileReference; lastKnownFileType = text.plist.xml; path = Info.plist; sourceTree = "<group>"; };
/* End PBXFileReference section */

/* Begin PBXFrameworksBuildPhase section */
		59CF57D7227B78E000D0050F /* Frameworks */ = {
			isa = PBXFrameworksBuildPhase;
			buildActionMask = 2147483647;
			files = (
			);
			runOnlyForDeploymentPostprocessing = 0;
		};
		59CF57EB227B78E300D0050F /* Frameworks */ = {
			isa = PBXFrameworksBuildPhase;
			buildActionMask = 2147483647;
			files = (
			);
			runOnlyForDeploymentPostprocessing = 0;
		};
		59CF57F6227B78E300D0050F /* Frameworks */ = {
			isa = PBXFrameworksBuildPhase;
			buildActionMask = 2147483647;
			files = (
			);
			runOnlyForDeploymentPostprocessing = 0;
		};
/* End PBXFrameworksBuildPhase section */

/* Begin PBXGroup section */
		59CF57D1227B78E000D0050F = {
			isa = PBXGroup;
			children = (
				59CF57DC227B78E000D0050F /* csc690-TravelApp */,
				59CF57F1227B78E300D0050F /* csc690-TravelAppTests */,
				59CF57FC227B78E300D0050F /* csc690-TravelAppUITests */,
				59CF57DB227B78E000D0050F /* Products */,
			);
			sourceTree = "<group>";
		};
		59CF57DB227B78E000D0050F /* Products */ = {
			isa = PBXGroup;
			children = (
				59CF57DA227B78E000D0050F /* csc690-TravelApp.app */,
				59CF57EE227B78E300D0050F /* csc690-TravelAppTests.xctest */,
				59CF57F9227B78E300D0050F /* csc690-TravelAppUITests.xctest */,
			);
			name = Products;
			sourceTree = "<group>";
		};
		59CF57DC227B78E000D0050F /* csc690-TravelApp */ = {
			isa = PBXGroup;
			children = (
				59CF57DD227B78E000D0050F /* AppDelegate.swift */,
				59CF57DF227B78E000D0050F /* ViewController.swift */,
				59CF57E1227B78E000D0050F /* Main.storyboard */,
				59CF57E4227B78E300D0050F /* Assets.xcassets */,
				59CF57E6227B78E300D0050F /* LaunchScreen.storyboard */,
				59CF57E9227B78E300D0050F /* Info.plist */,
			);
			path = "csc690-TravelApp";
			sourceTree = "<group>";
		};
		59CF57F1227B78E300D0050F /* csc690-TravelAppTests */ = {
			isa = PBXGroup;
			children = (
				59CF57F2227B78E300D0050F /* csc690_TravelAppTests.swift */,
				59CF57F4227B78E300D0050F /* Info.plist */,
			);
			path = "csc690-TravelAppTests";
			sourceTree = "<group>";
		};
		59CF57FC227B78E300D0050F /* csc690-TravelAppUITests */ = {
			isa = PBXGroup;
			children = (
				59CF57FD227B78E300D0050F /* csc690_TravelAppUITests.swift */,
				59CF57FF227B78E300D0050F /* Info.plist */,
			);
			path = "csc690-TravelAppUITests";
			sourceTree = "<group>";
		};
/* End PBXGroup section */

/* Begin PBXNativeTarget section */
		59CF57D9227B78E000D0050F /* csc690-TravelApp */ = {
			isa = PBXNativeTarget;
			buildConfigurationList = 59CF5802227B78E300D0050F /* Build configuration list for PBXNativeTarget "csc690-TravelApp" */;
			buildPhases = (
				59CF57D6227B78E000D0050F /* Sources */,
				59CF57D7227B78E000D0050F /* Frameworks */,
				59CF57D8227B78E000D0050F /* Resources */,
			);
			buildRules = (
			);
			dependencies = (
			);
			name = "csc690-TravelApp";
			productName = "csc690-TravelApp";
			productReference = 59CF57DA227B78E000D0050F /* csc690-TravelApp.app */;
			productType = "com.apple.product-type.application";
		};
		59CF57ED227B78E300D0050F /* csc690-TravelAppTests */ = {
			isa = PBXNativeTarget;
			buildConfigurationList = 59CF5805227B78E300D0050F /* Build configuration list for PBXNativeTarget "csc690-TravelAppTests" */;
			buildPhases = (
				59CF57EA227B78E300D0050F /* Sources */,
				59CF57EB227B78E300D0050F /* Frameworks */,
				59CF57EC227B78E300D0050F /* Resources */,
			);
			buildRules = (
			);
			dependencies = (
				59CF57F0227B78E300D0050F /* PBXTargetDependency */,
			);
			name = "csc690-TravelAppTests";
			productName = "csc690-TravelAppTests";
			productReference = 59CF57EE227B78E300D0050F /* csc690-TravelAppTests.xctest */;
			productType = "com.apple.product-type.bundle.unit-test";
		};
		59CF57F8227B78E300D0050F /* csc690-TravelAppUITests */ = {
			isa = PBXNativeTarget;
			buildConfigurationList = 59CF5808227B78E300D0050F /* Build configuration list for PBXNativeTarget "csc690-TravelAppUITests" */;
			buildPhases = (
				59CF57F5227B78E300D0050F /* Sources */,
				59CF57F6227B78E300D0050F /* Frameworks */,
				59CF57F7227B78E300D0050F /* Resources */,
			);
			buildRules = (
			);
			dependencies = (
				59CF57FB227B78E300D0050F /* PBXTargetDependency */,
			);
			name = "csc690-TravelAppUITests";
			productName = "csc690-TravelAppUITests";
			productReference = 59CF57F9227B78E300D0050F /* csc690-TravelAppUITests.xctest */;
			productType = "com.apple.product-type.bundle.ui-testing";
		};
/* End PBXNativeTarget section */

/* Begin PBXProject section */
		59CF57D2227B78E000D0050F /* Project object */ = {
			isa = PBXProject;
			attributes = {
				LastSwiftUpdateCheck = 1020;
				LastUpgradeCheck = 1020;
				ORGANIZATIONNAME = "SiuChun Kung";
				TargetAttributes = {
					59CF57D9227B78E000D0050F = {
						CreatedOnToolsVersion = 10.2.1;
					};
					59CF57ED227B78E300D0050F = {
						CreatedOnToolsVersion = 10.2.1;
						TestTargetID = 59CF57D9227B78E000D0050F;
					};
					59CF57F8227B78E300D0050F = {
						CreatedOnToolsVersion = 10.2.1;
						TestTargetID = 59CF57D9227B78E000D0050F;
					};
				};
			};
			buildConfigurationList = 59CF57D5227B78E000D0050F /* Build configuration list for PBXProject "csc690-TravelApp" */;
			compatibilityVersion = "Xcode 9.3";
			developmentRegion = en;
			hasScannedForEncodings = 0;
			knownRegions = (
				en,
				Base,
			);
			mainGroup = 59CF57D1227B78E000D0050F;
			productRefGroup = 59CF57DB227B78E000D0050F /* Products */;
			projectDirPath = "";
			projectRoot = "";
			targets = (
				59CF57D9227B78E000D0050F /* csc690-TravelApp */,
				59CF57ED227B78E300D0050F /* csc690-TravelAppTests */,
				59CF57F8227B78E300D0050F /* csc690-TravelAppUITests */,
			);
		};
/* End PBXProject section */

/* Begin PBXResourcesBuildPhase section */
		59CF57D8227B78E000D0050F /* Resources */ = {
			isa = PBXResourcesBuildPhase;
			buildActionMask = 2147483647;
			files = (
				59CF57E8227B78E300D0050F /* LaunchScreen.storyboard in Resources */,
				59CF57E5227B78E300D0050F /* Assets.xcassets in Resources */,
				59CF57E3227B78E000D0050F /* Main.storyboard in Resources */,
			);
			runOnlyForDeploymentPostprocessing = 0;
		};
		59CF57EC227B78E300D0050F /* Resources */ = {
			isa = PBXResourcesBuildPhase;
			buildActionMask = 2147483647;
			files = (
			);
			runOnlyForDeploymentPostprocessing = 0;
		};
		59CF57F7227B78E300D0050F /* Resources */ = {
			isa = PBXResourcesBuildPhase;
			buildActionMask = 2147483647;
			files = (
			);
			runOnlyForDeploymentPostprocessing = 0;
		};
/* End PBXResourcesBuildPhase section */

/* Begin PBXSourcesBuildPhase section */
		59CF57D6227B78E000D0050F /* Sources */ = {
			isa = PBXSourcesBuildPhase;
			buildActionMask = 2147483647;
			files = (
				59CF57E0227B78E000D0050F /* ViewController.swift in Sources */,
				59CF57DE227B78E000D0050F /* AppDelegate.swift in Sources */,
			);
			runOnlyForDeploymentPostprocessing = 0;
		};
		59CF57EA227B78E300D0050F /* Sources */ = {
			isa = PBXSourcesBuildPhase;
			buildActionMask = 2147483647;
			files = (
				59CF57F3227B78E300D0050F /* csc690_TravelAppTests.swift in Sources */,
			);
			runOnlyForDeploymentPostprocessing = 0;
		};
		59CF57F5227B78E300D0050F /* Sources */ = {
			isa = PBXSourcesBuildPhase;
			buildActionMask = 2147483647;
			files = (
				59CF57FE227B78E300D0050F /* csc690_TravelAppUITests.swift in Sources */,
			);
			runOnlyForDeploymentPostprocessing = 0;
		};
/* End PBXSourcesBuildPhase section */

/* Begin PBXTargetDependency section */
		59CF57F0227B78E300D0050F /* PBXTargetDependency */ = {
			isa = PBXTargetDependency;
			target = 59CF57D9227B78E000D0050F /* csc690-TravelApp */;
			targetProxy = 59CF57EF227B78E300D0050F /* PBXContainerItemProxy */;
		};
		59CF57FB227B78E300D0050F /* PBXTargetDependency */ = {
			isa = PBXTargetDependency;
			target = 59CF57D9227B78E000D0050F /* csc690-TravelApp */;
			targetProxy = 59CF57FA227B78E300D0050F /* PBXContainerItemProxy */;
		};
/* End PBXTargetDependency section */

/* Begin PBXVariantGroup section */
		59CF57E1227B78E000D0050F /* Main.storyboard */ = {
			isa = PBXVariantGroup;
			children = (
				59CF57E2227B78E000D0050F /* Base */,
			);
			name = Main.storyboard;
			sourceTree = "<group>";
		};
		59CF57E6227B78E300D0050F /* LaunchScreen.storyboard */ = {
			isa = PBXVariantGroup;
			children = (
				59CF57E7227B78E300D0050F /* Base */,
			);
			name = LaunchScreen.storyboard;
			sourceTree = "<group>";
		};
/* End PBXVariantGroup section */

/* Begin XCBuildConfiguration section */
		59CF5800227B78E300D0050F /* Debug */ = {
			isa = XCBuildConfiguration;
			buildSettings = {
				ALWAYS_SEARCH_USER_PATHS = NO;
				CLANG_ANALYZER_NONNULL = YES;
				CLANG_ANALYZER_NUMBER_OBJECT_CONVERSION = YES_AGGRESSIVE;
				CLANG_CXX_LANGUAGE_STANDARD = "gnu++14";
				CLANG_CXX_LIBRARY = "libc++";
				CLANG_ENABLE_MODULES = YES;
				CLANG_ENABLE_OBJC_ARC = YES;
				CLANG_ENABLE_OBJC_WEAK = YES;
				CLANG_WARN_BLOCK_CAPTURE_AUTORELEASING = YES;
				CLANG_WARN_BOOL_CONVERSION = YES;
				CLANG_WARN_COMMA = YES;
				CLANG_WARN_CONSTANT_CONVERSION = YES;
				CLANG_WARN_DEPRECATED_OBJC_IMPLEMENTATIONS = YES;
				CLANG_WARN_DIRECT_OBJC_ISA_USAGE = YES_ERROR;
				CLANG_WARN_DOCUMENTATION_COMMENTS = YES;
				CLANG_WARN_EMPTY_BODY = YES;
				CLANG_WARN_ENUM_CONVERSION = YES;
				CLANG_WARN_INFINITE_RECURSION = YES;
				CLANG_WARN_INT_CONVERSION = YES;
				CLANG_WARN_NON_LITERAL_NULL_CONVERSION = YES;
				CLANG_WARN_OBJC_IMPLICIT_RETAIN_SELF = YES;
				CLANG_WARN_OBJC_LITERAL_CONVERSION = YES;
				CLANG_WARN_OBJC_ROOT_CLASS = YES_ERROR;
				CLANG_WARN_RANGE_LOOP_ANALYSIS = YES;
				CLANG_WARN_STRICT_PROTOTYPES = YES;
				CLANG_WARN_SUSPICIOUS_MOVE = YES;
				CLANG_WARN_UNGUARDED_AVAILABILITY = YES_AGGRESSIVE;
				CLANG_WARN_UNREACHABLE_CODE = YES;
				CLANG_WARN__DUPLICATE_METHOD_MATCH = YES;
				CODE_SIGN_IDENTITY = "iPhone Developer";
				COPY_PHASE_STRIP = NO;
				DEBUG_INFORMATION_FORMAT = dwarf;
				ENABLE_STRICT_OBJC_MSGSEND = YES;
				ENABLE_TESTABILITY = YES;
				GCC_C_LANGUAGE_STANDARD = gnu11;
				GCC_DYNAMIC_NO_PIC = NO;
				GCC_NO_COMMON_BLOCKS = YES;
				GCC_OPTIMIZATION_LEVEL = 0;
				GCC_PREPROCESSOR_DEFINITIONS = (
					"DEBUG=1",
					"$(inherited)",
				);
				GCC_WARN_64_TO_32_BIT_CONVERSION = YES;
				GCC_WARN_ABOUT_RETURN_TYPE = YES_ERROR;
				GCC_WARN_UNDECLARED_SELECTOR = YES;
				GCC_WARN_UNINITIALIZED_AUTOS = YES_AGGRESSIVE;
				GCC_WARN_UNUSED_FUNCTION = YES;
				GCC_WARN_UNUSED_VARIABLE = YES;
				IPHONEOS_DEPLOYMENT_TARGET = 12.2;
				MTL_ENABLE_DEBUG_INFO = INCLUDE_SOURCE;
				MTL_FAST_MATH = YES;
				ONLY_ACTIVE_ARCH = YES;
				SDKROOT = iphoneos;
				SWIFT_ACTIVE_COMPILATION_CONDITIONS = DEBUG;
				SWIFT_OPTIMIZATION_LEVEL = "-Onone";
			};
			name = Debug;
		};
		59CF5801227B78E300D0050F /* Release */ = {
			isa = XCBuildConfiguration;
			buildSettings = {
				ALWAYS_SEARCH_USER_PATHS = NO;
				CLANG_ANALYZER_NONNULL = YES;
				CLANG_ANALYZER_NUMBER_OBJECT_CONVERSION = YES_AGGRESSIVE;
				CLANG_CXX_LANGUAGE_STANDARD = "gnu++14";
				CLANG_CXX_LIBRARY = "libc++";
				CLANG_ENABLE_MODULES = YES;
				CLANG_ENABLE_OBJC_ARC = YES;
				CLANG_ENABLE_OBJC_WEAK = YES;
				CLANG_WARN_BLOCK_CAPTURE_AUTORELEASING = YES;
				CLANG_WARN_BOOL_CONVERSION = YES;
				CLANG_WARN_COMMA = YES;
				CLANG_WARN_CONSTANT_CONVERSION = YES;
				CLANG_WARN_DEPRECATED_OBJC_IMPLEMENTATIONS = YES;
				CLANG_WARN_DIRECT_OBJC_ISA_USAGE = YES_ERROR;
				CLANG_WARN_DOCUMENTATION_COMMENTS = YES;
				CLANG_WARN_EMPTY_BODY = YES;
				CLANG_WARN_ENUM_CONVERSION = YES;
				CLANG_WARN_INFINITE_RECURSION = YES;
				CLANG_WARN_INT_CONVERSION = YES;
				CLANG_WARN_NON_LITERAL_NULL_CONVERSION = YES;
				CLANG_WARN_OBJC_IMPLICIT_RETAIN_SELF = YES;
				CLANG_WARN_OBJC_LITERAL_CONVERSION = YES;
				CLANG_WARN_OBJC_ROOT_CLASS = YES_ERROR;
				CLANG_WARN_RANGE_LOOP_ANALYSIS = YES;
				CLANG_WARN_STRICT_PROTOTYPES = YES;
				CLANG_WARN_SUSPICIOUS_MOVE = YES;
				CLANG_WARN_UNGUARDED_AVAILABILITY = YES_AGGRESSIVE;
				CLANG_WARN_UNREACHABLE_CODE = YES;
				CLANG_WARN__DUPLICATE_METHOD_MATCH = YES;
				CODE_SIGN_IDENTITY = "iPhone Developer";
				COPY_PHASE_STRIP = NO;
				DEBUG_INFORMATION_FORMAT = "dwarf-with-dsym";
				ENABLE_NS_ASSERTIONS = NO;
				ENABLE_STRICT_OBJC_MSGSEND = YES;
				GCC_C_LANGUAGE_STANDARD = gnu11;
				GCC_NO_COMMON_BLOCKS = YES;
				GCC_WARN_64_TO_32_BIT_CONVERSION = YES;
				GCC_WARN_ABOUT_RETURN_TYPE = YES_ERROR;
				GCC_WARN_UNDECLARED_SELECTOR = YES;
				GCC_WARN_UNINITIALIZED_AUTOS = YES_AGGRESSIVE;
				GCC_WARN_UNUSED_FUNCTION = YES;
				GCC_WARN_UNUSED_VARIABLE = YES;
				IPHONEOS_DEPLOYMENT_TARGET = 12.2;
				MTL_ENABLE_DEBUG_INFO = NO;
				MTL_FAST_MATH = YES;
				SDKROOT = iphoneos;
				SWIFT_COMPILATION_MODE = wholemodule;
				SWIFT_OPTIMIZATION_LEVEL = "-O";
				VALIDATE_PRODUCT = YES;
			};
			name = Release;
		};
		59CF5803227B78E300D0050F /* Debug */ = {
			isa = XCBuildConfiguration;
			buildSettings = {
				ASSETCATALOG_COMPILER_APPICON_NAME = AppIcon;
				CODE_SIGN_STYLE = Automatic;
				INFOPLIST_FILE = "csc690-TravelApp/Info.plist";
				LD_RUNPATH_SEARCH_PATHS = (
					"$(inherited)",
					"@executable_path/Frameworks",
				);
				PRODUCT_BUNDLE_IDENTIFIER = "csc600.csc690-TravelApp";
				PRODUCT_NAME = "$(TARGET_NAME)";
				SWIFT_VERSION = 5.0;
				TARGETED_DEVICE_FAMILY = "1,2";
			};
			name = Debug;
		};
		59CF5804227B78E300D0050F /* Release */ = {
			isa = XCBuildConfiguration;
			buildSettings = {
				ASSETCATALOG_COMPILER_APPICON_NAME = AppIcon;
				CODE_SIGN_STYLE = Automatic;
				INFOPLIST_FILE = "csc690-TravelApp/Info.plist";
				LD_RUNPATH_SEARCH_PATHS = (
					"$(inherited)",
					"@executable_path/Frameworks",
				);
				PRODUCT_BUNDLE_IDENTIFIER = "csc600.csc690-TravelApp";
				PRODUCT_NAME = "$(TARGET_NAME)";
				SWIFT_VERSION = 5.0;
				TARGETED_DEVICE_FAMILY = "1,2";
			};
			name = Release;
		};
		59CF5806227B78E300D0050F /* Debug */ = {
			isa = XCBuildConfiguration;
			buildSettings = {
				ALWAYS_EMBED_SWIFT_STANDARD_LIBRARIES = YES;
				BUNDLE_LOADER = "$(TEST_HOST)";
				CODE_SIGN_STYLE = Automatic;
				INFOPLIST_FILE = "csc690-TravelAppTests/Info.plist";
				LD_RUNPATH_SEARCH_PATHS = (
					"$(inherited)",
					"@executable_path/Frameworks",
					"@loader_path/Frameworks",
				);
				PRODUCT_BUNDLE_IDENTIFIER = "csc600.csc690-TravelAppTests";
				PRODUCT_NAME = "$(TARGET_NAME)";
				SWIFT_VERSION = 5.0;
				TARGETED_DEVICE_FAMILY = "1,2";
				TEST_HOST = "$(BUILT_PRODUCTS_DIR)/csc690-TravelApp.app/csc690-TravelApp";
			};
			name = Debug;
		};
		59CF5807227B78E300D0050F /* Release */ = {
			isa = XCBuildConfiguration;
			buildSettings = {
				ALWAYS_EMBED_SWIFT_STANDARD_LIBRARIES = YES;
				BUNDLE_LOADER = "$(TEST_HOST)";
				CODE_SIGN_STYLE = Automatic;
				INFOPLIST_FILE = "csc690-TravelAppTests/Info.plist";
				LD_RUNPATH_SEARCH_PATHS = (
					"$(inherited)",
					"@executable_path/Frameworks",
					"@loader_path/Frameworks",
				);
				PRODUCT_BUNDLE_IDENTIFIER = "csc600.csc690-TravelAppTests";
				PRODUCT_NAME = "$(TARGET_NAME)";
				SWIFT_VERSION = 5.0;
				TARGETED_DEVICE_FAMILY = "1,2";
				TEST_HOST = "$(BUILT_PRODUCTS_DIR)/csc690-TravelApp.app/csc690-TravelApp";
			};
			name = Release;
		};
		59CF5809227B78E300D0050F /* Debug */ = {
			isa = XCBuildConfiguration;
			buildSettings = {
				ALWAYS_EMBED_SWIFT_STANDARD_LIBRARIES = YES;
				CODE_SIGN_STYLE = Automatic;
				INFOPLIST_FILE = "csc690-TravelAppUITests/Info.plist";
				LD_RUNPATH_SEARCH_PATHS = (
					"$(inherited)",
					"@executable_path/Frameworks",
					"@loader_path/Frameworks",
				);
				PRODUCT_BUNDLE_IDENTIFIER = "csc600.csc690-TravelAppUITests";
				PRODUCT_NAME = "$(TARGET_NAME)";
				SWIFT_VERSION = 5.0;
				TARGETED_DEVICE_FAMILY = "1,2";
				TEST_TARGET_NAME = "csc690-TravelApp";
			};
			name = Debug;
		};
		59CF580A227B78E300D0050F /* Release */ = {
			isa = XCBuildConfiguration;
			buildSettings = {
				ALWAYS_EMBED_SWIFT_STANDARD_LIBRARIES = YES;
				CODE_SIGN_STYLE = Automatic;
				INFOPLIST_FILE = "csc690-TravelAppUITests/Info.plist";
				LD_RUNPATH_SEARCH_PATHS = (
					"$(inherited)",
					"@executable_path/Frameworks",
					"@loader_path/Frameworks",
				);
				PRODUCT_BUNDLE_IDENTIFIER = "csc600.csc690-TravelAppUITests";
				PRODUCT_NAME = "$(TARGET_NAME)";
				SWIFT_VERSION = 5.0;
				TARGETED_DEVICE_FAMILY = "1,2";
				TEST_TARGET_NAME = "csc690-TravelApp";
			};
			name = Release;
		};
/* End XCBuildConfiguration section */

/* Begin XCConfigurationList section */
		59CF57D5227B78E000D0050F /* Build configuration list for PBXProject "csc690-TravelApp" */ = {
			isa = XCConfigurationList;
			buildConfigurations = (
				59CF5800227B78E300D0050F /* Debug */,
				59CF5801227B78E300D0050F /* Release */,
			);
			defaultConfigurationIsVisible = 0;
			defaultConfigurationName = Release;
		};
		59CF5802227B78E300D0050F /* Build configuration list for PBXNativeTarget "csc690-TravelApp" */ = {
			isa = XCConfigurationList;
			buildConfigurations = (
				59CF5803227B78E300D0050F /* Debug */,
				59CF5804227B78E300D0050F /* Release */,
			);
			defaultConfigurationIsVisible = 0;
			defaultConfigurationName = Release;
		};
		59CF5805227B78E300D0050F /* Build configuration list for PBXNativeTarget "csc690-TravelAppTests" */ = {
			isa = XCConfigurationList;
			buildConfigurations = (
				59CF5806227B78E300D0050F /* Debug */,
				59CF5807227B78E300D0050F /* Release */,
			);
			defaultConfigurationIsVisible = 0;
			defaultConfigurationName = Release;
		};
		59CF5808227B78E300D0050F /* Build configuration list for PBXNativeTarget "csc690-TravelAppUITests" */ = {
			isa = XCConfigurationList;
			buildConfigurations = (
				59CF5809227B78E300D0050F /* Debug */,
				59CF580A227B78E300D0050F /* Release */,
			);
			defaultConfigurationIsVisible = 0;
			defaultConfigurationName = Release;
		};
/* End XCConfigurationList section */
	};
	rootObject = 59CF57D2227B78E000D0050F /* Project object */;
}
